// !$*UTF8*$!
{
	archiveVersion = 1;
	classes = {
	};
	objectVersion = 46;
	objects = {

/* Begin PBXBuildFile section */
		3568AF3C1D79721B003714DF /* StringUtils.cpp in Sources */ = {isa = PBXBuildFile; fileRef = 3568AF3A1D79721B003714DF /* StringUtils.cpp */; };
		3591A3ED1D76006A000AB6C7 /* main.cpp in Sources */ = {isa = PBXBuildFile; fileRef = 3591A3EC1D76006A000AB6C7 /* main.cpp */; };
		35F159741D7626AD00E34A0C /* FileData.cpp in Sources */ = {isa = PBXBuildFile; fileRef = 35F159731D7626AD00E34A0C /* FileData.cpp */; };
		35F159761D7626D300E34A0C /* Error.cpp in Sources */ = {isa = PBXBuildFile; fileRef = 35F159751D7626D300E34A0C /* Error.cpp */; };
		35F1597A1D76276100E34A0C /* PathUtils.cpp in Sources */ = {isa = PBXBuildFile; fileRef = 35F159781D76276100E34A0C /* PathUtils.cpp */; };
		35F1597E1D77659000E34A0C /* FileUtils.cpp in Sources */ = {isa = PBXBuildFile; fileRef = 35F1597C1D77659000E34A0C /* FileUtils.cpp */; };
		35F159881D78878F00E34A0C /* Line.cpp in Sources */ = {isa = PBXBuildFile; fileRef = 35F159861D78878F00E34A0C /* Line.cpp */; };
/* End PBXBuildFile section */

/* Begin PBXCopyFilesBuildPhase section */
		3591A3E71D76006A000AB6C7 /* CopyFiles */ = {
			isa = PBXCopyFilesBuildPhase;
			buildActionMask = 2147483647;
			dstPath = /usr/share/man/man1/;
			dstSubfolderSpec = 0;
			files = (
			);
			runOnlyForDeploymentPostprocessing = 1;
		};
/* End PBXCopyFilesBuildPhase section */

/* Begin PBXFileReference section */
		3568AF3A1D79721B003714DF /* StringUtils.cpp */ = {isa = PBXFileReference; fileEncoding = 4; lastKnownFileType = sourcecode.cpp.cpp; path = StringUtils.cpp; sourceTree = "<group>"; };
		3568AF3B1D79721B003714DF /* StringUtils.hpp */ = {isa = PBXFileReference; fileEncoding = 4; lastKnownFileType = sourcecode.cpp.h; path = StringUtils.hpp; sourceTree = "<group>"; };
		3591A3E91D76006A000AB6C7 /* Dead_code */ = {isa = PBXFileReference; explicitFileType = "compiled.mach-o.executable"; includeInIndex = 0; path = Dead_code; sourceTree = BUILT_PRODUCTS_DIR; };
		3591A3EC1D76006A000AB6C7 /* main.cpp */ = {isa = PBXFileReference; lastKnownFileType = sourcecode.cpp.cpp; path = main.cpp; sourceTree = "<group>"; };
		35F159661D7606CA00E34A0C /* test */ = {isa = PBXFileReference; lastKnownFileType = folder; path = test; sourceTree = "<group>"; };
		35F1596A1D76230800E34A0C /* FileData.hpp */ = {isa = PBXFileReference; fileEncoding = 4; lastKnownFileType = sourcecode.cpp.h; path = FileData.hpp; sourceTree = "<group>"; };
		35F159711D7623B700E34A0C /* Error.hpp */ = {isa = PBXFileReference; fileEncoding = 4; lastKnownFileType = sourcecode.cpp.h; path = Error.hpp; sourceTree = "<group>"; };
		35F159731D7626AD00E34A0C /* FileData.cpp */ = {isa = PBXFileReference; fileEncoding = 4; lastKnownFileType = sourcecode.cpp.cpp; path = FileData.cpp; sourceTree = "<group>"; };
		35F159751D7626D300E34A0C /* Error.cpp */ = {isa = PBXFileReference; fileEncoding = 4; lastKnownFileType = sourcecode.cpp.cpp; path = Error.cpp; sourceTree = "<group>"; };
		35F159781D76276100E34A0C /* PathUtils.cpp */ = {isa = PBXFileReference; fileEncoding = 4; lastKnownFileType = sourcecode.cpp.cpp; path = PathUtils.cpp; sourceTree = "<group>"; };
		35F159791D76276100E34A0C /* PathUtils.hpp */ = {isa = PBXFileReference; fileEncoding = 4; lastKnownFileType = sourcecode.cpp.h; path = PathUtils.hpp; sourceTree = "<group>"; };
		35F1597C1D77659000E34A0C /* FileUtils.cpp */ = {isa = PBXFileReference; fileEncoding = 4; lastKnownFileType = sourcecode.cpp.cpp; path = FileUtils.cpp; sourceTree = "<group>"; };
		35F1597D1D77659000E34A0C /* FileUtils.hpp */ = {isa = PBXFileReference; fileEncoding = 4; lastKnownFileType = sourcecode.cpp.h; path = FileUtils.hpp; sourceTree = "<group>"; };
		35F159861D78878F00E34A0C /* Line.cpp */ = {isa = PBXFileReference; fileEncoding = 4; lastKnownFileType = sourcecode.cpp.cpp; path = Line.cpp; sourceTree = "<group>"; };
		35F159871D78878F00E34A0C /* Line.hpp */ = {isa = PBXFileReference; fileEncoding = 4; lastKnownFileType = sourcecode.cpp.h; path = Line.hpp; sourceTree = "<group>"; };
/* End PBXFileReference section */

/* Begin PBXFrameworksBuildPhase section */
		3591A3E61D76006A000AB6C7 /* Frameworks */ = {
			isa = PBXFrameworksBuildPhase;
			buildActionMask = 2147483647;
			files = (
			);
			runOnlyForDeploymentPostprocessing = 0;
		};
/* End PBXFrameworksBuildPhase section */

/* Begin PBXGroup section */
		3568AF391D79720E003714DF /* stringUtils */ = {
			isa = PBXGroup;
			children = (
				3568AF3A1D79721B003714DF /* StringUtils.cpp */,
				3568AF3B1D79721B003714DF /* StringUtils.hpp */,
			);
			name = stringUtils;
			sourceTree = "<group>";
		};
		3591A3E01D76006A000AB6C7 = {
			isa = PBXGroup;
			children = (
				35F159661D7606CA00E34A0C /* test */,
				3591A3EB1D76006A000AB6C7 /* Dead_code */,
				3591A3EA1D76006A000AB6C7 /* Products */,
			);
			sourceTree = "<group>";
		};
		3591A3EA1D76006A000AB6C7 /* Products */ = {
			isa = PBXGroup;
			children = (
				3591A3E91D76006A000AB6C7 /* Dead_code */,
			);
			name = Products;
			sourceTree = "<group>";
		};
		3591A3EB1D76006A000AB6C7 /* Dead_code */ = {
			isa = PBXGroup;
			children = (
				35F159671D7622D400E34A0C /* lib */,
				3591A3EC1D76006A000AB6C7 /* main.cpp */,
			);
			path = Dead_code;
			sourceTree = "<group>";
		};
		35F159671D7622D400E34A0C /* lib */ = {
			isa = PBXGroup;
			children = (
				3568AF391D79720E003714DF /* stringUtils */,
				35F1597F1D7885BB00E34A0C /* line */,
				35F1597B1D77658400E34A0C /* fileUtils */,
				35F159771D76274800E34A0C /* pathUtils */,
				35F1596F1D76239D00E34A0C /* error */,
				35F159681D7622DC00E34A0C /* fileData */,
			);
			name = lib;
			sourceTree = "<group>";
		};
		35F159681D7622DC00E34A0C /* fileData */ = {
			isa = PBXGroup;
			children = (
				35F1596A1D76230800E34A0C /* FileData.hpp */,
				35F159731D7626AD00E34A0C /* FileData.cpp */,
			);
			name = fileData;
			sourceTree = "<group>";
		};
		35F1596F1D76239D00E34A0C /* error */ = {
			isa = PBXGroup;
			children = (
				35F159711D7623B700E34A0C /* Error.hpp */,
				35F159751D7626D300E34A0C /* Error.cpp */,
			);
			name = error;
			sourceTree = "<group>";
		};
		35F159771D76274800E34A0C /* pathUtils */ = {
			isa = PBXGroup;
			children = (
				35F159781D76276100E34A0C /* PathUtils.cpp */,
				35F159791D76276100E34A0C /* PathUtils.hpp */,
			);
			name = pathUtils;
			sourceTree = "<group>";
		};
		35F1597B1D77658400E34A0C /* fileUtils */ = {
			isa = PBXGroup;
			children = (
				35F1597C1D77659000E34A0C /* FileUtils.cpp */,
				35F1597D1D77659000E34A0C /* FileUtils.hpp */,
			);
			name = fileUtils;
			sourceTree = "<group>";
		};
		35F1597F1D7885BB00E34A0C /* line */ = {
			isa = PBXGroup;
			children = (
				35F159861D78878F00E34A0C /* Line.cpp */,
				35F159871D78878F00E34A0C /* Line.hpp */,
			);
			name = line;
			sourceTree = "<group>";
		};
/* End PBXGroup section */

/* Begin PBXNativeTarget section */
		3591A3E81D76006A000AB6C7 /* Dead_code */ = {
			isa = PBXNativeTarget;
			buildConfigurationList = 3591A3F01D76006A000AB6C7 /* Build configuration list for PBXNativeTarget "Dead_code" */;
			buildPhases = (
				3591A3E51D76006A000AB6C7 /* Sources */,
				3591A3E61D76006A000AB6C7 /* Frameworks */,
				3591A3E71D76006A000AB6C7 /* CopyFiles */,
			);
			buildRules = (
			);
			dependencies = (
			);
			name = Dead_code;
			productName = Dead_code;
			productReference = 3591A3E91D76006A000AB6C7 /* Dead_code */;
			productType = "com.apple.product-type.tool";
		};
/* End PBXNativeTarget section */

/* Begin PBXProject section */
		3591A3E11D76006A000AB6C7 /* Project object */ = {
			isa = PBXProject;
			attributes = {
				LastUpgradeCheck = 0730;
				ORGANIZATIONNAME = "Fredrik Christenson";
				TargetAttributes = {
					3591A3E81D76006A000AB6C7 = {
						CreatedOnToolsVersion = 7.3;
					};
				};
			};
			buildConfigurationList = 3591A3E41D76006A000AB6C7 /* Build configuration list for PBXProject "Dead_code" */;
			compatibilityVersion = "Xcode 3.2";
			developmentRegion = English;
			hasScannedForEncodings = 0;
			knownRegions = (
				en,
			);
			mainGroup = 3591A3E01D76006A000AB6C7;
			productRefGroup = 3591A3EA1D76006A000AB6C7 /* Products */;
			projectDirPath = "";
			projectRoot = "";
			targets = (
				3591A3E81D76006A000AB6C7 /* Dead_code */,
			);
		};
/* End PBXProject section */

/* Begin PBXSourcesBuildPhase section */
		3591A3E51D76006A000AB6C7 /* Sources */ = {
			isa = PBXSourcesBuildPhase;
			buildActionMask = 2147483647;
			files = (
				35F1597A1D76276100E34A0C /* PathUtils.cpp in Sources */,
				35F159761D7626D300E34A0C /* Error.cpp in Sources */,
				3591A3ED1D76006A000AB6C7 /* main.cpp in Sources */,
				35F159881D78878F00E34A0C /* Line.cpp in Sources */,
				3568AF3C1D79721B003714DF /* StringUtils.cpp in Sources */,
				35F1597E1D77659000E34A0C /* FileUtils.cpp in Sources */,
				35F159741D7626AD00E34A0C /* FileData.cpp in Sources */,
			);
			runOnlyForDeploymentPostprocessing = 0;
		};
/* End PBXSourcesBuildPhase section */

/* Begin XCBuildConfiguration section */
		3591A3EE1D76006A000AB6C7 /* Debug */ = {
			isa = XCBuildConfiguration;
			buildSettings = {
				ALWAYS_SEARCH_USER_PATHS = NO;
				CLANG_ANALYZER_NONNULL = YES;
				CLANG_CXX_LANGUAGE_STANDARD = "gnu++0x";
				CLANG_CXX_LIBRARY = "libc++";
				CLANG_ENABLE_MODULES = YES;
				CLANG_ENABLE_OBJC_ARC = YES;
				CLANG_WARN_BOOL_CONVERSION = YES;
				CLANG_WARN_CONSTANT_CONVERSION = YES;
				CLANG_WARN_DIRECT_OBJC_ISA_USAGE = YES_ERROR;
				CLANG_WARN_EMPTY_BODY = YES;
				CLANG_WARN_ENUM_CONVERSION = YES;
				CLANG_WARN_INT_CONVERSION = YES;
				CLANG_WARN_OBJC_ROOT_CLASS = YES_ERROR;
				CLANG_WARN_UNREACHABLE_CODE = YES;
				CLANG_WARN__DUPLICATE_METHOD_MATCH = YES;
				CODE_SIGN_IDENTITY = "-";
				COPY_PHASE_STRIP = NO;
				DEBUG_INFORMATION_FORMAT = dwarf;
				ENABLE_STRICT_OBJC_MSGSEND = YES;
				ENABLE_TESTABILITY = YES;
				GCC_C_LANGUAGE_STANDARD = gnu99;
				GCC_DYNAMIC_NO_PIC = NO;
				GCC_NO_COMMON_BLOCKS = YES;
				GCC_OPTIMIZATION_LEVEL = 0;
				GCC_PREPROCESSOR_DEFINITIONS = (
					"DEBUG=1",
					"$(inherited)",
				);
				GCC_WARN_64_TO_32_BIT_CONVERSION = YES;
				GCC_WARN_ABOUT_RETURN_TYPE = YES_ERROR;
				GCC_WARN_UNDECLARED_SELECTOR = YES;
				GCC_WARN_UNINITIALIZED_AUTOS = YES_AGGRESSIVE;
				GCC_WARN_UNUSED_FUNCTION = YES;
				GCC_WARN_UNUSED_VARIABLE = YES;
				MACOSX_DEPLOYMENT_TARGET = 10.11;
				MTL_ENABLE_DEBUG_INFO = YES;
				ONLY_ACTIVE_ARCH = YES;
				SDKROOT = macosx;
			};
			name = Debug;
		};
		3591A3EF1D76006A000AB6C7 /* Release */ = {
			isa = XCBuildConfiguration;
			buildSettings = {
				ALWAYS_SEARCH_USER_PATHS = NO;
				CLANG_ANALYZER_NONNULL = YES;
				CLANG_CXX_LANGUAGE_STANDARD = "gnu++0x";
				CLANG_CXX_LIBRARY = "libc++";
				CLANG_ENABLE_MODULES = YES;
				CLANG_ENABLE_OBJC_ARC = YES;
				CLANG_WARN_BOOL_CONVERSION = YES;
				CLANG_WARN_CONSTANT_CONVERSION = YES;
				CLANG_WARN_DIRECT_OBJC_ISA_USAGE = YES_ERROR;
				CLANG_WARN_EMPTY_BODY = YES;
				CLANG_WARN_ENUM_CONVERSION = YES;
				CLANG_WARN_INT_CONVERSION = YES;
				CLANG_WARN_OBJC_ROOT_CLASS = YES_ERROR;
				CLANG_WARN_UNREACHABLE_CODE = YES;
				CLANG_WARN__DUPLICATE_METHOD_MATCH = YES;
				CODE_SIGN_IDENTITY = "-";
				COPY_PHASE_STRIP = NO;
				DEBUG_INFORMATION_FORMAT = "dwarf-with-dsym";
				ENABLE_NS_ASSERTIONS = NO;
				ENABLE_STRICT_OBJC_MSGSEND = YES;
				GCC_C_LANGUAGE_STANDARD = gnu99;
				GCC_NO_COMMON_BLOCKS = YES;
				GCC_WARN_64_TO_32_BIT_CONVERSION = YES;
				GCC_WARN_ABOUT_RETURN_TYPE = YES_ERROR;
				GCC_WARN_UNDECLARED_SELECTOR = YES;
				GCC_WARN_UNINITIALIZED_AUTOS = YES_AGGRESSIVE;
				GCC_WARN_UNUSED_FUNCTION = YES;
				GCC_WARN_UNUSED_VARIABLE = YES;
				MACOSX_DEPLOYMENT_TARGET = 10.11;
				MTL_ENABLE_DEBUG_INFO = NO;
				SDKROOT = macosx;
			};
			name = Release;
		};
		3591A3F11D76006A000AB6C7 /* Debug */ = {
			isa = XCBuildConfiguration;
			buildSettings = {
				PRODUCT_NAME = "$(TARGET_NAME)";
			};
			name = Debug;
		};
		3591A3F21D76006A000AB6C7 /* Release */ = {
			isa = XCBuildConfiguration;
			buildSettings = {
				PRODUCT_NAME = "$(TARGET_NAME)";
			};
			name = Release;
		};
/* End XCBuildConfiguration section */

/* Begin XCConfigurationList section */
		3591A3E41D76006A000AB6C7 /* Build configuration list for PBXProject "Dead_code" */ = {
			isa = XCConfigurationList;
			buildConfigurations = (
				3591A3EE1D76006A000AB6C7 /* Debug */,
				3591A3EF1D76006A000AB6C7 /* Release */,
			);
			defaultConfigurationIsVisible = 0;
			defaultConfigurationName = Release;
		};
		3591A3F01D76006A000AB6C7 /* Build configuration list for PBXNativeTarget "Dead_code" */ = {
			isa = XCConfigurationList;
			buildConfigurations = (
				3591A3F11D76006A000AB6C7 /* Debug */,
				3591A3F21D76006A000AB6C7 /* Release */,
			);
			defaultConfigurationIsVisible = 0;
			defaultConfigurationName = Release;
		};
/* End XCConfigurationList section */
	};
	rootObject = 3591A3E11D76006A000AB6C7 /* Project object */;
}
